
Microsoft Visual Studio Solution File, Format Version 12.00
# Visual Studio 14
VisualStudioVersion = 14.0.25420.1
MinimumVisualStudioVersion = 10.0.40219.1
Project("{2150E333-8FDC-42A3-9474-1A3956D46DE8}") = "src", "src", "{77088F68-AFAE-469F-81C4-EE3760419854}"
EndProject
Project("{2150E333-8FDC-42A3-9474-1A3956D46DE8}") = "Solution Items", "Solution Items", "{55F45AAF-6E29-4A49-BE43-D0C41EE10D99}"
	ProjectSection(SolutionItems) = preProject
		global.json = global.json
	EndProjectSection
EndProject
Project("{8BB2217D-0F2D-49D1-97BC-3654ED321F3B}") = "API", "src\API\API.xproj", "{A1A7645F-C55A-4E2F-9F25-A9D146A8C06E}"
EndProject
Global
	GlobalSection(SolutionConfigurationPlatforms) = preSolution
		Debug|Any CPU = Debug|Any CPU
		Release|Any CPU = Release|Any CPU
	EndGlobalSection
	GlobalSection(ProjectConfigurationPlatforms) = postSolution
		{A1A7645F-C55A-4E2F-9F25-A9D146A8C06E}.Debug|Any CPU.ActiveCfg = Debug|Any CPU
		{A1A7645F-C55A-4E2F-9F25-A9D146A8C06E}.Debug|Any CPU.Build.0 = Debug|Any CPU
		{A1A7645F-C55A-4E2F-9F25-A9D146A8C06E}.Release|Any CPU.ActiveCfg = Release|Any CPU
		{A1A7645F-C55A-4E2F-9F25-A9D146A8C06E}.Release|Any CPU.Build.0 = Release|Any CPU
	EndGlobalSection
	GlobalSection(SolutionProperties) = preSolution
		HideSolutionNode = FALSE
	EndGlobalSection
	GlobalSection(NestedProjects) = preSolution
		{A1A7645F-C55A-4E2F-9F25-A9D146A8C06E} = {77088F68-AFAE-469F-81C4-EE3760419854}
	EndGlobalSection
EndGlobal
